
Microsoft Visual Studio Solution File, Format Version 12.00
# Visual Studio Version 16
VisualStudioVersion = 16.0.31911.196
MinimumVisualStudioVersion = 10.0.40219.1
Project("{FAE04EC0-301F-11D3-BF4B-00C04F79EFBC}") = "WebAppTest", "WebAppTest\WebAppTest.csproj", "{D0D2D7C5-36EA-4A5F-B006-A6C3410C1540}"
EndProject
Global
	GlobalSection(SolutionConfigurationPlatforms) = preSolution
		Debug|Any CPU = Debug|Any CPU
		Release|Any CPU = Release|Any CPU
	EndGlobalSection
	GlobalSection(ProjectConfigurationPlatforms) = postSolution
		{D0D2D7C5-36EA-4A5F-B006-A6C3410C1540}.Debug|Any CPU.ActiveCfg = Debug|Any CPU
		{D0D2D7C5-36EA-4A5F-B006-A6C3410C1540}.Debug|Any CPU.Build.0 = Debug|Any CPU
		{D0D2D7C5-36EA-4A5F-B006-A6C3410C1540}.Release|Any CPU.ActiveCfg = Release|Any CPU
		{D0D2D7C5-36EA-4A5F-B006-A6C3410C1540}.Release|Any CPU.Build.0 = Release|Any CPU
	EndGlobalSection
	GlobalSection(SolutionProperties) = preSolution
		HideSolutionNode = FALSE
	EndGlobalSection
	GlobalSection(ExtensibilityGlobals) = postSolution
		SolutionGuid = {E1289007-3E1E-4D9E-8BB1-5AFB887D4AB9}
	EndGlobalSection
EndGlobal
